// !$*UTF8*$!
{
	archiveVersion = 1;
	classes = {
	};
	objectVersion = 55;
	objects = {

/* Begin PBXBuildFile section */
		4BDDC60027321F2D00DEF9B5 /* AppDelegate.swift in Sources */ = {isa = PBXBuildFile; fileRef = 4BDDC5FF27321F2D00DEF9B5 /* AppDelegate.swift */; };
		4BDDC60227321F2D00DEF9B5 /* SceneDelegate.swift in Sources */ = {isa = PBXBuildFile; fileRef = 4BDDC60127321F2D00DEF9B5 /* SceneDelegate.swift */; };
		4BDDC60427321F2D00DEF9B5 /* ViewController.swift in Sources */ = {isa = PBXBuildFile; fileRef = 4BDDC60327321F2D00DEF9B5 /* ViewController.swift */; };
		4BDDC60727321F2D00DEF9B5 /* Main.storyboard in Resources */ = {isa = PBXBuildFile; fileRef = 4BDDC60527321F2D00DEF9B5 /* Main.storyboard */; };
		4BDDC60927321F2F00DEF9B5 /* Assets.xcassets in Resources */ = {isa = PBXBuildFile; fileRef = 4BDDC60827321F2F00DEF9B5 /* Assets.xcassets */; };
		4BDDC60C27321F2F00DEF9B5 /* LaunchScreen.storyboard in Resources */ = {isa = PBXBuildFile; fileRef = 4BDDC60A27321F2F00DEF9B5 /* LaunchScreen.storyboard */; };
		4BDDC61727321F2F00DEF9B5 /* nutritionFitnessTests.swift in Sources */ = {isa = PBXBuildFile; fileRef = 4BDDC61627321F2F00DEF9B5 /* nutritionFitnessTests.swift */; };
		4BDDC62127321F2F00DEF9B5 /* nutritionFitnessUITests.swift in Sources */ = {isa = PBXBuildFile; fileRef = 4BDDC62027321F2F00DEF9B5 /* nutritionFitnessUITests.swift */; };
		4BDDC62327321F2F00DEF9B5 /* nutritionFitnessUITestsLaunchTests.swift in Sources */ = {isa = PBXBuildFile; fileRef = 4BDDC62227321F2F00DEF9B5 /* nutritionFitnessUITestsLaunchTests.swift */; };
		64B08FF1273A265F0015B8DC /* LoginViewController.swift in Sources */ = {isa = PBXBuildFile; fileRef = 64B08FF0273A265F0015B8DC /* LoginViewController.swift */; };
		64B08FF3273A26830015B8DC /* LoginScreen.storyboard in Resources */ = {isa = PBXBuildFile; fileRef = 64B08FF2273A26830015B8DC /* LoginScreen.storyboard */; };
		9A05C16DB24B4F16E4E623E7 /* Pods_nutritionFitness.framework in Frameworks */ = {isa = PBXBuildFile; fileRef = A2F0DB3DC52358F348A8C100 /* Pods_nutritionFitness.framework */; };
		A90C6EDC16F6B649598ECAE5 /* Pods_nutritionFitnessTests.framework in Frameworks */ = {isa = PBXBuildFile; fileRef = 8511E7513E35AEF334A7AEC6 /* Pods_nutritionFitnessTests.framework */; };
		B0BDA3060DD1818BA61835D7 /* Pods_nutritionFitness_nutritionFitnessUITests.framework in Frameworks */ = {isa = PBXBuildFile; fileRef = B6BAC485A638790DD465EF1E /* Pods_nutritionFitness_nutritionFitnessUITests.framework */; };
/* End PBXBuildFile section */

/* Begin PBXContainerItemProxy section */
		4BDDC61327321F2F00DEF9B5 /* PBXContainerItemProxy */ = {
			isa = PBXContainerItemProxy;
			containerPortal = 4BDDC5F427321F2D00DEF9B5 /* Project object */;
			proxyType = 1;
			remoteGlobalIDString = 4BDDC5FB27321F2D00DEF9B5;
			remoteInfo = nutritionFitness;
		};
		4BDDC61D27321F2F00DEF9B5 /* PBXContainerItemProxy */ = {
			isa = PBXContainerItemProxy;
			containerPortal = 4BDDC5F427321F2D00DEF9B5 /* Project object */;
			proxyType = 1;
			remoteGlobalIDString = 4BDDC5FB27321F2D00DEF9B5;
			remoteInfo = nutritionFitness;
		};
/* End PBXContainerItemProxy section */

/* Begin PBXFileReference section */
		1BC2001E6DC29AC7C9DEC7F7 /* Pods-nutritionFitnessTests.debug.xcconfig */ = {isa = PBXFileReference; includeInIndex = 1; lastKnownFileType = text.xcconfig; name = "Pods-nutritionFitnessTests.debug.xcconfig"; path = "Target Support Files/Pods-nutritionFitnessTests/Pods-nutritionFitnessTests.debug.xcconfig"; sourceTree = "<group>"; };
		4BDDC5FC27321F2D00DEF9B5 /* nutritionFitness.app */ = {isa = PBXFileReference; explicitFileType = wrapper.application; includeInIndex = 0; path = nutritionFitness.app; sourceTree = BUILT_PRODUCTS_DIR; };
		4BDDC5FF27321F2D00DEF9B5 /* AppDelegate.swift */ = {isa = PBXFileReference; lastKnownFileType = sourcecode.swift; path = AppDelegate.swift; sourceTree = "<group>"; };
		4BDDC60127321F2D00DEF9B5 /* SceneDelegate.swift */ = {isa = PBXFileReference; lastKnownFileType = sourcecode.swift; path = SceneDelegate.swift; sourceTree = "<group>"; };
		4BDDC60327321F2D00DEF9B5 /* ViewController.swift */ = {isa = PBXFileReference; lastKnownFileType = sourcecode.swift; path = ViewController.swift; sourceTree = "<group>"; };
		4BDDC60627321F2D00DEF9B5 /* Base */ = {isa = PBXFileReference; lastKnownFileType = file.storyboard; name = Base; path = Base.lproj/Main.storyboard; sourceTree = "<group>"; };
		4BDDC60827321F2F00DEF9B5 /* Assets.xcassets */ = {isa = PBXFileReference; lastKnownFileType = folder.assetcatalog; path = Assets.xcassets; sourceTree = "<group>"; };
		4BDDC60B27321F2F00DEF9B5 /* Base */ = {isa = PBXFileReference; lastKnownFileType = file.storyboard; name = Base; path = Base.lproj/LaunchScreen.storyboard; sourceTree = "<group>"; };
		4BDDC60D27321F2F00DEF9B5 /* Info.plist */ = {isa = PBXFileReference; lastKnownFileType = text.plist.xml; path = Info.plist; sourceTree = "<group>"; };
		4BDDC61227321F2F00DEF9B5 /* nutritionFitnessTests.xctest */ = {isa = PBXFileReference; explicitFileType = wrapper.cfbundle; includeInIndex = 0; path = nutritionFitnessTests.xctest; sourceTree = BUILT_PRODUCTS_DIR; };
		4BDDC61627321F2F00DEF9B5 /* nutritionFitnessTests.swift */ = {isa = PBXFileReference; lastKnownFileType = sourcecode.swift; path = nutritionFitnessTests.swift; sourceTree = "<group>"; };
		4BDDC61C27321F2F00DEF9B5 /* nutritionFitnessUITests.xctest */ = {isa = PBXFileReference; explicitFileType = wrapper.cfbundle; includeInIndex = 0; path = nutritionFitnessUITests.xctest; sourceTree = BUILT_PRODUCTS_DIR; };
		4BDDC62027321F2F00DEF9B5 /* nutritionFitnessUITests.swift */ = {isa = PBXFileReference; lastKnownFileType = sourcecode.swift; path = nutritionFitnessUITests.swift; sourceTree = "<group>"; };
		4BDDC62227321F2F00DEF9B5 /* nutritionFitnessUITestsLaunchTests.swift */ = {isa = PBXFileReference; lastKnownFileType = sourcecode.swift; path = nutritionFitnessUITestsLaunchTests.swift; sourceTree = "<group>"; };
		563EF895738903C9FAB2D995 /* Pods-nutritionFitness-nutritionFitnessUITests.debug.xcconfig */ = {isa = PBXFileReference; includeInIndex = 1; lastKnownFileType = text.xcconfig; name = "Pods-nutritionFitness-nutritionFitnessUITests.debug.xcconfig"; path = "Target Support Files/Pods-nutritionFitness-nutritionFitnessUITests/Pods-nutritionFitness-nutritionFitnessUITests.debug.xcconfig"; sourceTree = "<group>"; };
		64B08FF0273A265F0015B8DC /* LoginViewController.swift */ = {isa = PBXFileReference; lastKnownFileType = sourcecode.swift; path = LoginViewController.swift; sourceTree = "<group>"; };
		64B08FF2273A26830015B8DC /* LoginScreen.storyboard */ = {isa = PBXFileReference; lastKnownFileType = file.storyboard; path = LoginScreen.storyboard; sourceTree = "<group>"; };
		76CC255C9E12C88CD12FA83D /* Pods-nutritionFitness.release.xcconfig */ = {isa = PBXFileReference; includeInIndex = 1; lastKnownFileType = text.xcconfig; name = "Pods-nutritionFitness.release.xcconfig"; path = "Target Support Files/Pods-nutritionFitness/Pods-nutritionFitness.release.xcconfig"; sourceTree = "<group>"; };
		8511E7513E35AEF334A7AEC6 /* Pods_nutritionFitnessTests.framework */ = {isa = PBXFileReference; explicitFileType = wrapper.framework; includeInIndex = 0; path = Pods_nutritionFitnessTests.framework; sourceTree = BUILT_PRODUCTS_DIR; };
		93E94C4818BA66BB801231E5 /* Pods-nutritionFitness-nutritionFitnessUITests.release.xcconfig */ = {isa = PBXFileReference; includeInIndex = 1; lastKnownFileType = text.xcconfig; name = "Pods-nutritionFitness-nutritionFitnessUITests.release.xcconfig"; path = "Target Support Files/Pods-nutritionFitness-nutritionFitnessUITests/Pods-nutritionFitness-nutritionFitnessUITests.release.xcconfig"; sourceTree = "<group>"; };
		A2F0DB3DC52358F348A8C100 /* Pods_nutritionFitness.framework */ = {isa = PBXFileReference; explicitFileType = wrapper.framework; includeInIndex = 0; path = Pods_nutritionFitness.framework; sourceTree = BUILT_PRODUCTS_DIR; };
		A581D5283E6C5236230B9234 /* Pods-nutritionFitnessTests.release.xcconfig */ = {isa = PBXFileReference; includeInIndex = 1; lastKnownFileType = text.xcconfig; name = "Pods-nutritionFitnessTests.release.xcconfig"; path = "Target Support Files/Pods-nutritionFitnessTests/Pods-nutritionFitnessTests.release.xcconfig"; sourceTree = "<group>"; };
		ABF462DA3B2FD947D2D410C3 /* Pods-nutritionFitness.debug.xcconfig */ = {isa = PBXFileReference; includeInIndex = 1; lastKnownFileType = text.xcconfig; name = "Pods-nutritionFitness.debug.xcconfig"; path = "Target Support Files/Pods-nutritionFitness/Pods-nutritionFitness.debug.xcconfig"; sourceTree = "<group>"; };
		B6BAC485A638790DD465EF1E /* Pods_nutritionFitness_nutritionFitnessUITests.framework */ = {isa = PBXFileReference; explicitFileType = wrapper.framework; includeInIndex = 0; path = Pods_nutritionFitness_nutritionFitnessUITests.framework; sourceTree = BUILT_PRODUCTS_DIR; };
/* End PBXFileReference section */

/* Begin PBXFrameworksBuildPhase section */
		4BDDC5F927321F2D00DEF9B5 /* Frameworks */ = {
			isa = PBXFrameworksBuildPhase;
			buildActionMask = 2147483647;
			files = (
				9A05C16DB24B4F16E4E623E7 /* Pods_nutritionFitness.framework in Frameworks */,
			);
			runOnlyForDeploymentPostprocessing = 0;
		};
		4BDDC60F27321F2F00DEF9B5 /* Frameworks */ = {
			isa = PBXFrameworksBuildPhase;
			buildActionMask = 2147483647;
			files = (
				A90C6EDC16F6B649598ECAE5 /* Pods_nutritionFitnessTests.framework in Frameworks */,
			);
			runOnlyForDeploymentPostprocessing = 0;
		};
		4BDDC61927321F2F00DEF9B5 /* Frameworks */ = {
			isa = PBXFrameworksBuildPhase;
			buildActionMask = 2147483647;
			files = (
				B0BDA3060DD1818BA61835D7 /* Pods_nutritionFitness_nutritionFitnessUITests.framework in Frameworks */,
			);
			runOnlyForDeploymentPostprocessing = 0;
		};
/* End PBXFrameworksBuildPhase section */

/* Begin PBXGroup section */
		4BDDC5F327321F2D00DEF9B5 = {
			isa = PBXGroup;
			children = (
				4BDDC5FE27321F2D00DEF9B5 /* nutritionFitness */,
				4BDDC61527321F2F00DEF9B5 /* nutritionFitnessTests */,
				4BDDC61F27321F2F00DEF9B5 /* nutritionFitnessUITests */,
				4BDDC5FD27321F2D00DEF9B5 /* Products */,
				A9982F1C3C2B77668BBC321D /* Pods */,
				71588706FA10F375BA58AADC /* Frameworks */,
			);
			sourceTree = "<group>";
		};
		4BDDC5FD27321F2D00DEF9B5 /* Products */ = {
			isa = PBXGroup;
			children = (
				4BDDC5FC27321F2D00DEF9B5 /* nutritionFitness.app */,
				4BDDC61227321F2F00DEF9B5 /* nutritionFitnessTests.xctest */,
				4BDDC61C27321F2F00DEF9B5 /* nutritionFitnessUITests.xctest */,
			);
			name = Products;
			sourceTree = "<group>";
		};
		4BDDC5FE27321F2D00DEF9B5 /* nutritionFitness */ = {
			isa = PBXGroup;
			children = (
				4BDDC5FF27321F2D00DEF9B5 /* AppDelegate.swift */,
				4BDDC60127321F2D00DEF9B5 /* SceneDelegate.swift */,
				4BDDC60327321F2D00DEF9B5 /* ViewController.swift */,
				4BDDC60527321F2D00DEF9B5 /* Main.storyboard */,
				4BDDC60827321F2F00DEF9B5 /* Assets.xcassets */,
				4BDDC60A27321F2F00DEF9B5 /* LaunchScreen.storyboard */,
				4BDDC60D27321F2F00DEF9B5 /* Info.plist */,
				64B08FF0273A265F0015B8DC /* LoginViewController.swift */,
				64B08FF2273A26830015B8DC /* LoginScreen.storyboard */,
			);
			path = nutritionFitness;
			sourceTree = "<group>";
		};
		4BDDC61527321F2F00DEF9B5 /* nutritionFitnessTests */ = {
			isa = PBXGroup;
			children = (
				4BDDC61627321F2F00DEF9B5 /* nutritionFitnessTests.swift */,
			);
			path = nutritionFitnessTests;
			sourceTree = "<group>";
		};
		4BDDC61F27321F2F00DEF9B5 /* nutritionFitnessUITests */ = {
			isa = PBXGroup;
			children = (
				4BDDC62027321F2F00DEF9B5 /* nutritionFitnessUITests.swift */,
				4BDDC62227321F2F00DEF9B5 /* nutritionFitnessUITestsLaunchTests.swift */,
			);
			path = nutritionFitnessUITests;
			sourceTree = "<group>";
		};
		71588706FA10F375BA58AADC /* Frameworks */ = {
			isa = PBXGroup;
			children = (
				A2F0DB3DC52358F348A8C100 /* Pods_nutritionFitness.framework */,
				B6BAC485A638790DD465EF1E /* Pods_nutritionFitness_nutritionFitnessUITests.framework */,
				8511E7513E35AEF334A7AEC6 /* Pods_nutritionFitnessTests.framework */,
			);
			name = Frameworks;
			sourceTree = "<group>";
		};
		A9982F1C3C2B77668BBC321D /* Pods */ = {
			isa = PBXGroup;
			children = (
				ABF462DA3B2FD947D2D410C3 /* Pods-nutritionFitness.debug.xcconfig */,
				76CC255C9E12C88CD12FA83D /* Pods-nutritionFitness.release.xcconfig */,
				563EF895738903C9FAB2D995 /* Pods-nutritionFitness-nutritionFitnessUITests.debug.xcconfig */,
				93E94C4818BA66BB801231E5 /* Pods-nutritionFitness-nutritionFitnessUITests.release.xcconfig */,
				1BC2001E6DC29AC7C9DEC7F7 /* Pods-nutritionFitnessTests.debug.xcconfig */,
				A581D5283E6C5236230B9234 /* Pods-nutritionFitnessTests.release.xcconfig */,
			);
			name = Pods;
			path = Pods;
			sourceTree = "<group>";
		};
/* End PBXGroup section */

/* Begin PBXNativeTarget section */
		4BDDC5FB27321F2D00DEF9B5 /* nutritionFitness */ = {
			isa = PBXNativeTarget;
			buildConfigurationList = 4BDDC62627321F2F00DEF9B5 /* Build configuration list for PBXNativeTarget "nutritionFitness" */;
			buildPhases = (
				9D7C23F9F0B23082ED900EF4 /* [CP] Check Pods Manifest.lock */,
				4BDDC5F827321F2D00DEF9B5 /* Sources */,
				4BDDC5F927321F2D00DEF9B5 /* Frameworks */,
				4BDDC5FA27321F2D00DEF9B5 /* Resources */,
				C36D419150311B104388B9D9 /* [CP] Embed Pods Frameworks */,
			);
			buildRules = (
			);
			dependencies = (
			);
			name = nutritionFitness;
			productName = nutritionFitness;
			productReference = 4BDDC5FC27321F2D00DEF9B5 /* nutritionFitness.app */;
			productType = "com.apple.product-type.application";
		};
		4BDDC61127321F2F00DEF9B5 /* nutritionFitnessTests */ = {
			isa = PBXNativeTarget;
			buildConfigurationList = 4BDDC62927321F2F00DEF9B5 /* Build configuration list for PBXNativeTarget "nutritionFitnessTests" */;
			buildPhases = (
				C13F512E7DDCE0C0B0B62493 /* [CP] Check Pods Manifest.lock */,
				4BDDC60E27321F2F00DEF9B5 /* Sources */,
				4BDDC60F27321F2F00DEF9B5 /* Frameworks */,
				4BDDC61027321F2F00DEF9B5 /* Resources */,
			);
			buildRules = (
			);
			dependencies = (
				4BDDC61427321F2F00DEF9B5 /* PBXTargetDependency */,
			);
			name = nutritionFitnessTests;
			productName = nutritionFitnessTests;
			productReference = 4BDDC61227321F2F00DEF9B5 /* nutritionFitnessTests.xctest */;
			productType = "com.apple.product-type.bundle.unit-test";
		};
		4BDDC61B27321F2F00DEF9B5 /* nutritionFitnessUITests */ = {
			isa = PBXNativeTarget;
			buildConfigurationList = 4BDDC62C27321F2F00DEF9B5 /* Build configuration list for PBXNativeTarget "nutritionFitnessUITests" */;
			buildPhases = (
				E8017C6D95CC5F92A9D138A7 /* [CP] Check Pods Manifest.lock */,
				4BDDC61827321F2F00DEF9B5 /* Sources */,
				4BDDC61927321F2F00DEF9B5 /* Frameworks */,
				4BDDC61A27321F2F00DEF9B5 /* Resources */,
				BCF792305B5D31198C0CBA7A /* [CP] Embed Pods Frameworks */,
			);
			buildRules = (
			);
			dependencies = (
				4BDDC61E27321F2F00DEF9B5 /* PBXTargetDependency */,
			);
			name = nutritionFitnessUITests;
			productName = nutritionFitnessUITests;
			productReference = 4BDDC61C27321F2F00DEF9B5 /* nutritionFitnessUITests.xctest */;
			productType = "com.apple.product-type.bundle.ui-testing";
		};
/* End PBXNativeTarget section */

/* Begin PBXProject section */
		4BDDC5F427321F2D00DEF9B5 /* Project object */ = {
			isa = PBXProject;
			attributes = {
				BuildIndependentTargetsInParallel = 1;
				LastSwiftUpdateCheck = 1310;
				LastUpgradeCheck = 1310;
				TargetAttributes = {
					4BDDC5FB27321F2D00DEF9B5 = {
						CreatedOnToolsVersion = 13.1;
					};
					4BDDC61127321F2F00DEF9B5 = {
						CreatedOnToolsVersion = 13.1;
						TestTargetID = 4BDDC5FB27321F2D00DEF9B5;
					};
					4BDDC61B27321F2F00DEF9B5 = {
						CreatedOnToolsVersion = 13.1;
						TestTargetID = 4BDDC5FB27321F2D00DEF9B5;
					};
				};
			};
			buildConfigurationList = 4BDDC5F727321F2D00DEF9B5 /* Build configuration list for PBXProject "nutritionFitness" */;
			compatibilityVersion = "Xcode 13.0";
			developmentRegion = en;
			hasScannedForEncodings = 0;
			knownRegions = (
				en,
				Base,
			);
			mainGroup = 4BDDC5F327321F2D00DEF9B5;
			productRefGroup = 4BDDC5FD27321F2D00DEF9B5 /* Products */;
			projectDirPath = "";
			projectRoot = "";
			targets = (
				4BDDC5FB27321F2D00DEF9B5 /* nutritionFitness */,
				4BDDC61127321F2F00DEF9B5 /* nutritionFitnessTests */,
				4BDDC61B27321F2F00DEF9B5 /* nutritionFitnessUITests */,
			);
		};
/* End PBXProject section */

/* Begin PBXResourcesBuildPhase section */
		4BDDC5FA27321F2D00DEF9B5 /* Resources */ = {
			isa = PBXResourcesBuildPhase;
			buildActionMask = 2147483647;
			files = (
				4BDDC60C27321F2F00DEF9B5 /* LaunchScreen.storyboard in Resources */,
				4BDDC60927321F2F00DEF9B5 /* Assets.xcassets in Resources */,
				64B08FF3273A26830015B8DC /* LoginScreen.storyboard in Resources */,
				4BDDC60727321F2D00DEF9B5 /* Main.storyboard in Resources */,
			);
			runOnlyForDeploymentPostprocessing = 0;
		};
		4BDDC61027321F2F00DEF9B5 /* Resources */ = {
			isa = PBXResourcesBuildPhase;
			buildActionMask = 2147483647;
			files = (
			);
			runOnlyForDeploymentPostprocessing = 0;
		};
		4BDDC61A27321F2F00DEF9B5 /* Resources */ = {
			isa = PBXResourcesBuildPhase;
			buildActionMask = 2147483647;
			files = (
			);
			runOnlyForDeploymentPostprocessing = 0;
		};
/* End PBXResourcesBuildPhase section */

/* Begin PBXShellScriptBuildPhase section */
		9D7C23F9F0B23082ED900EF4 /* [CP] Check Pods Manifest.lock */ = {
			isa = PBXShellScriptBuildPhase;
			buildActionMask = 2147483647;
			files = (
			);
			inputFileListPaths = (
			);
			inputPaths = (
				"${PODS_PODFILE_DIR_PATH}/Podfile.lock",
				"${PODS_ROOT}/Manifest.lock",
			);
			name = "[CP] Check Pods Manifest.lock";
			outputFileListPaths = (
			);
			outputPaths = (
				"$(DERIVED_FILE_DIR)/Pods-nutritionFitness-checkManifestLockResult.txt",
			);
			runOnlyForDeploymentPostprocessing = 0;
			shellPath = /bin/sh;
			shellScript = "diff \"${PODS_PODFILE_DIR_PATH}/Podfile.lock\" \"${PODS_ROOT}/Manifest.lock\" > /dev/null\nif [ $? != 0 ] ; then\n    # print error to STDERR\n    echo \"error: The sandbox is not in sync with the Podfile.lock. Run 'pod install' or update your CocoaPods installation.\" >&2\n    exit 1\nfi\n# This output is used by Xcode 'outputs' to avoid re-running this script phase.\necho \"SUCCESS\" > \"${SCRIPT_OUTPUT_FILE_0}\"\n";
			showEnvVarsInLog = 0;
		};
		BCF792305B5D31198C0CBA7A /* [CP] Embed Pods Frameworks */ = {
			isa = PBXShellScriptBuildPhase;
			buildActionMask = 2147483647;
			files = (
			);
			inputFileListPaths = (
				"${PODS_ROOT}/Target Support Files/Pods-nutritionFitness-nutritionFitnessUITests/Pods-nutritionFitness-nutritionFitnessUITests-frameworks-${CONFIGURATION}-input-files.xcfilelist",
			);
			name = "[CP] Embed Pods Frameworks";
			outputFileListPaths = (
				"${PODS_ROOT}/Target Support Files/Pods-nutritionFitness-nutritionFitnessUITests/Pods-nutritionFitness-nutritionFitnessUITests-frameworks-${CONFIGURATION}-output-files.xcfilelist",
			);
			runOnlyForDeploymentPostprocessing = 0;
			shellPath = /bin/sh;
			shellScript = "\"${PODS_ROOT}/Target Support Files/Pods-nutritionFitness-nutritionFitnessUITests/Pods-nutritionFitness-nutritionFitnessUITests-frameworks.sh\"\n";
			showEnvVarsInLog = 0;
		};
		C13F512E7DDCE0C0B0B62493 /* [CP] Check Pods Manifest.lock */ = {
			isa = PBXShellScriptBuildPhase;
			buildActionMask = 2147483647;
			files = (
			);
			inputFileListPaths = (
			);
			inputPaths = (
				"${PODS_PODFILE_DIR_PATH}/Podfile.lock",
				"${PODS_ROOT}/Manifest.lock",
			);
			name = "[CP] Check Pods Manifest.lock";
			outputFileListPaths = (
			);
			outputPaths = (
				"$(DERIVED_FILE_DIR)/Pods-nutritionFitnessTests-checkManifestLockResult.txt",
			);
			runOnlyForDeploymentPostprocessing = 0;
			shellPath = /bin/sh;
			shellScript = "diff \"${PODS_PODFILE_DIR_PATH}/Podfile.lock\" \"${PODS_ROOT}/Manifest.lock\" > /dev/null\nif [ $? != 0 ] ; then\n    # print error to STDERR\n    echo \"error: The sandbox is not in sync with the Podfile.lock. Run 'pod install' or update your CocoaPods installation.\" >&2\n    exit 1\nfi\n# This output is used by Xcode 'outputs' to avoid re-running this script phase.\necho \"SUCCESS\" > \"${SCRIPT_OUTPUT_FILE_0}\"\n";
			showEnvVarsInLog = 0;
		};
		C36D419150311B104388B9D9 /* [CP] Embed Pods Frameworks */ = {
			isa = PBXShellScriptBuildPhase;
			buildActionMask = 2147483647;
			files = (
			);
			inputFileListPaths = (
				"${PODS_ROOT}/Target Support Files/Pods-nutritionFitness/Pods-nutritionFitness-frameworks-${CONFIGURATION}-input-files.xcfilelist",
			);
			name = "[CP] Embed Pods Frameworks";
			outputFileListPaths = (
				"${PODS_ROOT}/Target Support Files/Pods-nutritionFitness/Pods-nutritionFitness-frameworks-${CONFIGURATION}-output-files.xcfilelist",
			);
			runOnlyForDeploymentPostprocessing = 0;
			shellPath = /bin/sh;
			shellScript = "\"${PODS_ROOT}/Target Support Files/Pods-nutritionFitness/Pods-nutritionFitness-frameworks.sh\"\n";
			showEnvVarsInLog = 0;
		};
		E8017C6D95CC5F92A9D138A7 /* [CP] Check Pods Manifest.lock */ = {
			isa = PBXShellScriptBuildPhase;
			buildActionMask = 2147483647;
			files = (
			);
			inputFileListPaths = (
			);
			inputPaths = (
				"${PODS_PODFILE_DIR_PATH}/Podfile.lock",
				"${PODS_ROOT}/Manifest.lock",
			);
			name = "[CP] Check Pods Manifest.lock";
			outputFileListPaths = (
			);
			outputPaths = (
				"$(DERIVED_FILE_DIR)/Pods-nutritionFitness-nutritionFitnessUITests-checkManifestLockResult.txt",
			);
			runOnlyForDeploymentPostprocessing = 0;
			shellPath = /bin/sh;
			shellScript = "diff \"${PODS_PODFILE_DIR_PATH}/Podfile.lock\" \"${PODS_ROOT}/Manifest.lock\" > /dev/null\nif [ $? != 0 ] ; then\n    # print error to STDERR\n    echo \"error: The sandbox is not in sync with the Podfile.lock. Run 'pod install' or update your CocoaPods installation.\" >&2\n    exit 1\nfi\n# This output is used by Xcode 'outputs' to avoid re-running this script phase.\necho \"SUCCESS\" > \"${SCRIPT_OUTPUT_FILE_0}\"\n";
			showEnvVarsInLog = 0;
		};
/* End PBXShellScriptBuildPhase section */

/* Begin PBXSourcesBuildPhase section */
		4BDDC5F827321F2D00DEF9B5 /* Sources */ = {
			isa = PBXSourcesBuildPhase;
			buildActionMask = 2147483647;
			files = (
				64B08FF1273A265F0015B8DC /* LoginViewController.swift in Sources */,
				4BDDC60427321F2D00DEF9B5 /* ViewController.swift in Sources */,
				4BDDC60027321F2D00DEF9B5 /* AppDelegate.swift in Sources */,
				4BDDC60227321F2D00DEF9B5 /* SceneDelegate.swift in Sources */,
			);
			runOnlyForDeploymentPostprocessing = 0;
		};
		4BDDC60E27321F2F00DEF9B5 /* Sources */ = {
			isa = PBXSourcesBuildPhase;
			buildActionMask = 2147483647;
			files = (
				4BDDC61727321F2F00DEF9B5 /* nutritionFitnessTests.swift in Sources */,
			);
			runOnlyForDeploymentPostprocessing = 0;
		};
		4BDDC61827321F2F00DEF9B5 /* Sources */ = {
			isa = PBXSourcesBuildPhase;
			buildActionMask = 2147483647;
			files = (
				4BDDC62327321F2F00DEF9B5 /* nutritionFitnessUITestsLaunchTests.swift in Sources */,
				4BDDC62127321F2F00DEF9B5 /* nutritionFitnessUITests.swift in Sources */,
			);
			runOnlyForDeploymentPostprocessing = 0;
		};
/* End PBXSourcesBuildPhase section */

/* Begin PBXTargetDependency section */
		4BDDC61427321F2F00DEF9B5 /* PBXTargetDependency */ = {
			isa = PBXTargetDependency;
			target = 4BDDC5FB27321F2D00DEF9B5 /* nutritionFitness */;
			targetProxy = 4BDDC61327321F2F00DEF9B5 /* PBXContainerItemProxy */;
		};
		4BDDC61E27321F2F00DEF9B5 /* PBXTargetDependency */ = {
			isa = PBXTargetDependency;
			target = 4BDDC5FB27321F2D00DEF9B5 /* nutritionFitness */;
			targetProxy = 4BDDC61D27321F2F00DEF9B5 /* PBXContainerItemProxy */;
		};
/* End PBXTargetDependency section */

/* Begin PBXVariantGroup section */
		4BDDC60527321F2D00DEF9B5 /* Main.storyboard */ = {
			isa = PBXVariantGroup;
			children = (
				4BDDC60627321F2D00DEF9B5 /* Base */,
			);
			name = Main.storyboard;
			sourceTree = "<group>";
		};
		4BDDC60A27321F2F00DEF9B5 /* LaunchScreen.storyboard */ = {
			isa = PBXVariantGroup;
			children = (
				4BDDC60B27321F2F00DEF9B5 /* Base */,
			);
			name = LaunchScreen.storyboard;
			sourceTree = "<group>";
		};
/* End PBXVariantGroup section */

/* Begin XCBuildConfiguration section */
		4BDDC62427321F2F00DEF9B5 /* Debug */ = {
			isa = XCBuildConfiguration;
			buildSettings = {
				ALWAYS_SEARCH_USER_PATHS = NO;
				CLANG_ANALYZER_NONNULL = YES;
				CLANG_ANALYZER_NUMBER_OBJECT_CONVERSION = YES_AGGRESSIVE;
				CLANG_CXX_LANGUAGE_STANDARD = "gnu++17";
				CLANG_CXX_LIBRARY = "libc++";
				CLANG_ENABLE_MODULES = YES;
				CLANG_ENABLE_OBJC_ARC = YES;
				CLANG_ENABLE_OBJC_WEAK = YES;
				CLANG_WARN_BLOCK_CAPTURE_AUTORELEASING = YES;
				CLANG_WARN_BOOL_CONVERSION = YES;
				CLANG_WARN_COMMA = YES;
				CLANG_WARN_CONSTANT_CONVERSION = YES;
				CLANG_WARN_DEPRECATED_OBJC_IMPLEMENTATIONS = YES;
				CLANG_WARN_DIRECT_OBJC_ISA_USAGE = YES_ERROR;
				CLANG_WARN_DOCUMENTATION_COMMENTS = YES;
				CLANG_WARN_EMPTY_BODY = YES;
				CLANG_WARN_ENUM_CONVERSION = YES;
				CLANG_WARN_INFINITE_RECURSION = YES;
				CLANG_WARN_INT_CONVERSION = YES;
				CLANG_WARN_NON_LITERAL_NULL_CONVERSION = YES;
				CLANG_WARN_OBJC_IMPLICIT_RETAIN_SELF = YES;
				CLANG_WARN_OBJC_LITERAL_CONVERSION = YES;
				CLANG_WARN_OBJC_ROOT_CLASS = YES_ERROR;
				CLANG_WARN_QUOTED_INCLUDE_IN_FRAMEWORK_HEADER = YES;
				CLANG_WARN_RANGE_LOOP_ANALYSIS = YES;
				CLANG_WARN_STRICT_PROTOTYPES = YES;
				CLANG_WARN_SUSPICIOUS_MOVE = YES;
				CLANG_WARN_UNGUARDED_AVAILABILITY = YES_AGGRESSIVE;
				CLANG_WARN_UNREACHABLE_CODE = YES;
				CLANG_WARN__DUPLICATE_METHOD_MATCH = YES;
				COPY_PHASE_STRIP = NO;
				DEBUG_INFORMATION_FORMAT = dwarf;
				ENABLE_STRICT_OBJC_MSGSEND = YES;
				ENABLE_TESTABILITY = YES;
				GCC_C_LANGUAGE_STANDARD = gnu11;
				GCC_DYNAMIC_NO_PIC = NO;
				GCC_NO_COMMON_BLOCKS = YES;
				GCC_OPTIMIZATION_LEVEL = 0;
				GCC_PREPROCESSOR_DEFINITIONS = (
					"DEBUG=1",
					"$(inherited)",
				);
				GCC_WARN_64_TO_32_BIT_CONVERSION = YES;
				GCC_WARN_ABOUT_RETURN_TYPE = YES_ERROR;
				GCC_WARN_UNDECLARED_SELECTOR = YES;
				GCC_WARN_UNINITIALIZED_AUTOS = YES_AGGRESSIVE;
				GCC_WARN_UNUSED_FUNCTION = YES;
				GCC_WARN_UNUSED_VARIABLE = YES;
				IPHONEOS_DEPLOYMENT_TARGET = 15.0;
				MTL_ENABLE_DEBUG_INFO = INCLUDE_SOURCE;
				MTL_FAST_MATH = YES;
				ONLY_ACTIVE_ARCH = YES;
				SDKROOT = iphoneos;
				SWIFT_ACTIVE_COMPILATION_CONDITIONS = DEBUG;
				SWIFT_OPTIMIZATION_LEVEL = "-Onone";
			};
			name = Debug;
		};
		4BDDC62527321F2F00DEF9B5 /* Release */ = {
			isa = XCBuildConfiguration;
			buildSettings = {
				ALWAYS_SEARCH_USER_PATHS = NO;
				CLANG_ANALYZER_NONNULL = YES;
				CLANG_ANALYZER_NUMBER_OBJECT_CONVERSION = YES_AGGRESSIVE;
				CLANG_CXX_LANGUAGE_STANDARD = "gnu++17";
				CLANG_CXX_LIBRARY = "libc++";
				CLANG_ENABLE_MODULES = YES;
				CLANG_ENABLE_OBJC_ARC = YES;
				CLANG_ENABLE_OBJC_WEAK = YES;
				CLANG_WARN_BLOCK_CAPTURE_AUTORELEASING = YES;
				CLANG_WARN_BOOL_CONVERSION = YES;
				CLANG_WARN_COMMA = YES;
				CLANG_WARN_CONSTANT_CONVERSION = YES;
				CLANG_WARN_DEPRECATED_OBJC_IMPLEMENTATIONS = YES;
				CLANG_WARN_DIRECT_OBJC_ISA_USAGE = YES_ERROR;
				CLANG_WARN_DOCUMENTATION_COMMENTS = YES;
				CLANG_WARN_EMPTY_BODY = YES;
				CLANG_WARN_ENUM_CONVERSION = YES;
				CLANG_WARN_INFINITE_RECURSION = YES;
				CLANG_WARN_INT_CONVERSION = YES;
				CLANG_WARN_NON_LITERAL_NULL_CONVERSION = YES;
				CLANG_WARN_OBJC_IMPLICIT_RETAIN_SELF = YES;
				CLANG_WARN_OBJC_LITERAL_CONVERSION = YES;
				CLANG_WARN_OBJC_ROOT_CLASS = YES_ERROR;
				CLANG_WARN_QUOTED_INCLUDE_IN_FRAMEWORK_HEADER = YES;
				CLANG_WARN_RANGE_LOOP_ANALYSIS = YES;
				CLANG_WARN_STRICT_PROTOTYPES = YES;
				CLANG_WARN_SUSPICIOUS_MOVE = YES;
				CLANG_WARN_UNGUARDED_AVAILABILITY = YES_AGGRESSIVE;
				CLANG_WARN_UNREACHABLE_CODE = YES;
				CLANG_WARN__DUPLICATE_METHOD_MATCH = YES;
				COPY_PHASE_STRIP = NO;
				DEBUG_INFORMATION_FORMAT = "dwarf-with-dsym";
				ENABLE_NS_ASSERTIONS = NO;
				ENABLE_STRICT_OBJC_MSGSEND = YES;
				GCC_C_LANGUAGE_STANDARD = gnu11;
				GCC_NO_COMMON_BLOCKS = YES;
				GCC_WARN_64_TO_32_BIT_CONVERSION = YES;
				GCC_WARN_ABOUT_RETURN_TYPE = YES_ERROR;
				GCC_WARN_UNDECLARED_SELECTOR = YES;
				GCC_WARN_UNINITIALIZED_AUTOS = YES_AGGRESSIVE;
				GCC_WARN_UNUSED_FUNCTION = YES;
				GCC_WARN_UNUSED_VARIABLE = YES;
				IPHONEOS_DEPLOYMENT_TARGET = 15.0;
				MTL_ENABLE_DEBUG_INFO = NO;
				MTL_FAST_MATH = YES;
				SDKROOT = iphoneos;
				SWIFT_COMPILATION_MODE = wholemodule;
				SWIFT_OPTIMIZATION_LEVEL = "-O";
				VALIDATE_PRODUCT = YES;
			};
			name = Release;
		};
		4BDDC62727321F2F00DEF9B5 /* Debug */ = {
			isa = XCBuildConfiguration;
			baseConfigurationReference = ABF462DA3B2FD947D2D410C3 /* Pods-nutritionFitness.debug.xcconfig */;
			buildSettings = {
				ASSETCATALOG_COMPILER_APPICON_NAME = AppIcon;
				ASSETCATALOG_COMPILER_GLOBAL_ACCENT_COLOR_NAME = AccentColor;
				CODE_SIGN_STYLE = Automatic;
				CURRENT_PROJECT_VERSION = 1;
				GENERATE_INFOPLIST_FILE = YES;
				INFOPLIST_FILE = nutritionFitness/Info.plist;
				INFOPLIST_KEY_UIApplicationSupportsIndirectInputEvents = YES;
				INFOPLIST_KEY_UILaunchStoryboardName = LaunchScreen;
				INFOPLIST_KEY_UIMainStoryboardFile = Main;
				INFOPLIST_KEY_UISupportedInterfaceOrientations_iPad = "UIInterfaceOrientationPortrait UIInterfaceOrientationPortraitUpsideDown UIInterfaceOrientationLandscapeLeft UIInterfaceOrientationLandscapeRight";
				INFOPLIST_KEY_UISupportedInterfaceOrientations_iPhone = "UIInterfaceOrientationPortrait UIInterfaceOrientationLandscapeLeft UIInterfaceOrientationLandscapeRight";
				LD_RUNPATH_SEARCH_PATHS = (
					"$(inherited)",
					"@executable_path/Frameworks",
				);
				MARKETING_VERSION = 1.0;
				PRODUCT_BUNDLE_IDENTIFIER = "betsyavila97-icloud.com.nutritionFitness";
				PRODUCT_NAME = "$(TARGET_NAME)";
				SWIFT_EMIT_LOC_STRINGS = YES;
				SWIFT_VERSION = 5.0;
				TARGETED_DEVICE_FAMILY = "1,2";
			};
			name = Debug;
		};
		4BDDC62827321F2F00DEF9B5 /* Release */ = {
			isa = XCBuildConfiguration;
			baseConfigurationReference = 76CC255C9E12C88CD12FA83D /* Pods-nutritionFitness.release.xcconfig */;
			buildSettings = {
				ASSETCATALOG_COMPILER_APPICON_NAME = AppIcon;
				ASSETCATALOG_COMPILER_GLOBAL_ACCENT_COLOR_NAME = AccentColor;
				CODE_SIGN_STYLE = Automatic;
				CURRENT_PROJECT_VERSION = 1;
				GENERATE_INFOPLIST_FILE = YES;
				INFOPLIST_FILE = nutritionFitness/Info.plist;
				INFOPLIST_KEY_UIApplicationSupportsIndirectInputEvents = YES;
				INFOPLIST_KEY_UILaunchStoryboardName = LaunchScreen;
				INFOPLIST_KEY_UIMainStoryboardFile = Main;
				INFOPLIST_KEY_UISupportedInterfaceOrientations_iPad = "UIInterfaceOrientationPortrait UIInterfaceOrientationPortraitUpsideDown UIInterfaceOrientationLandscapeLeft UIInterfaceOrientationLandscapeRight";
				INFOPLIST_KEY_UISupportedInterfaceOrientations_iPhone = "UIInterfaceOrientationPortrait UIInterfaceOrientationLandscapeLeft UIInterfaceOrientationLandscapeRight";
				LD_RUNPATH_SEARCH_PATHS = (
					"$(inherited)",
					"@executable_path/Frameworks",
				);
				MARKETING_VERSION = 1.0;
				PRODUCT_BUNDLE_IDENTIFIER = "betsyavila97-icloud.com.nutritionFitness";
				PRODUCT_NAME = "$(TARGET_NAME)";
				SWIFT_EMIT_LOC_STRINGS = YES;
				SWIFT_VERSION = 5.0;
				TARGETED_DEVICE_FAMILY = "1,2";
			};
			name = Release;
		};
		4BDDC62A27321F2F00DEF9B5 /* Debug */ = {
			isa = XCBuildConfiguration;
			baseConfigurationReference = 1BC2001E6DC29AC7C9DEC7F7 /* Pods-nutritionFitnessTests.debug.xcconfig */;
			buildSettings = {
				ALWAYS_EMBED_SWIFT_STANDARD_LIBRARIES = YES;
				BUNDLE_LOADER = "$(TEST_HOST)";
				CODE_SIGN_STYLE = Automatic;
				CURRENT_PROJECT_VERSION = 1;
				GENERATE_INFOPLIST_FILE = YES;
				IPHONEOS_DEPLOYMENT_TARGET = 15.0;
				LD_RUNPATH_SEARCH_PATHS = (
					"$(inherited)",
					"@executable_path/Frameworks",
					"@loader_path/Frameworks",
				);
				MARKETING_VERSION = 1.0;
				PRODUCT_BUNDLE_IDENTIFIER = "betsyavila97-icloud.com.nutritionFitnessTests";
				PRODUCT_NAME = "$(TARGET_NAME)";
				SWIFT_EMIT_LOC_STRINGS = NO;
				SWIFT_VERSION = 5.0;
				TARGETED_DEVICE_FAMILY = "1,2";
				TEST_HOST = "$(BUILT_PRODUCTS_DIR)/nutritionFitness.app/nutritionFitness";
			};
			name = Debug;
		};
		4BDDC62B27321F2F00DEF9B5 /* Release */ = {
			isa = XCBuildConfiguration;
			baseConfigurationReference = A581D5283E6C5236230B9234 /* Pods-nutritionFitnessTests.release.xcconfig */;
			buildSettings = {
				ALWAYS_EMBED_SWIFT_STANDARD_LIBRARIES = YES;
				BUNDLE_LOADER = "$(TEST_HOST)";
				CODE_SIGN_STYLE = Automatic;
				CURRENT_PROJECT_VERSION = 1;
				GENERATE_INFOPLIST_FILE = YES;
				IPHONEOS_DEPLOYMENT_TARGET = 15.0;
				LD_RUNPATH_SEARCH_PATHS = (
					"$(inherited)",
					"@executable_path/Frameworks",
					"@loader_path/Frameworks",
				);
				MARKETING_VERSION = 1.0;
				PRODUCT_BUNDLE_IDENTIFIER = "betsyavila97-icloud.com.nutritionFitnessTests";
				PRODUCT_NAME = "$(TARGET_NAME)";
				SWIFT_EMIT_LOC_STRINGS = NO;
				SWIFT_VERSION = 5.0;
				TARGETED_DEVICE_FAMILY = "1,2";
				TEST_HOST = "$(BUILT_PRODUCTS_DIR)/nutritionFitness.app/nutritionFitness";
			};
			name = Release;
		};
		4BDDC62D27321F2F00DEF9B5 /* Debug */ = {
			isa = XCBuildConfiguration;
			baseConfigurationReference = 563EF895738903C9FAB2D995 /* Pods-nutritionFitness-nutritionFitnessUITests.debug.xcconfig */;
			buildSettings = {
				ALWAYS_EMBED_SWIFT_STANDARD_LIBRARIES = YES;
				CODE_SIGN_STYLE = Automatic;
				CURRENT_PROJECT_VERSION = 1;
				GENERATE_INFOPLIST_FILE = YES;
				LD_RUNPATH_SEARCH_PATHS = (
					"$(inherited)",
					"@executable_path/Frameworks",
					"@loader_path/Frameworks",
				);
				MARKETING_VERSION = 1.0;
				PRODUCT_BUNDLE_IDENTIFIER = "betsyavila97-icloud.com.nutritionFitnessUITests";
				PRODUCT_NAME = "$(TARGET_NAME)";
				SWIFT_EMIT_LOC_STRINGS = NO;
				SWIFT_VERSION = 5.0;
				TARGETED_DEVICE_FAMILY = "1,2";
				TEST_TARGET_NAME = nutritionFitness;
			};
			name = Debug;
		};
		4BDDC62E27321F2F00DEF9B5 /* Release */ = {
			isa = XCBuildConfiguration;
			baseConfigurationReference = 93E94C4818BA66BB801231E5 /* Pods-nutritionFitness-nutritionFitnessUITests.release.xcconfig */;
			buildSettings = {
				ALWAYS_EMBED_SWIFT_STANDARD_LIBRARIES = YES;
				CODE_SIGN_STYLE = Automatic;
				CURRENT_PROJECT_VERSION = 1;
				GENERATE_INFOPLIST_FILE = YES;
				LD_RUNPATH_SEARCH_PATHS = (
					"$(inherited)",
					"@executable_path/Frameworks",
					"@loader_path/Frameworks",
				);
				MARKETING_VERSION = 1.0;
				PRODUCT_BUNDLE_IDENTIFIER = "betsyavila97-icloud.com.nutritionFitnessUITests";
				PRODUCT_NAME = "$(TARGET_NAME)";
				SWIFT_EMIT_LOC_STRINGS = NO;
				SWIFT_VERSION = 5.0;
				TARGETED_DEVICE_FAMILY = "1,2";
				TEST_TARGET_NAME = nutritionFitness;
			};
			name = Release;
		};
/* End XCBuildConfiguration section */

/* Begin XCConfigurationList section */
		4BDDC5F727321F2D00DEF9B5 /* Build configuration list for PBXProject "nutritionFitness" */ = {
			isa = XCConfigurationList;
			buildConfigurations = (
				4BDDC62427321F2F00DEF9B5 /* Debug */,
				4BDDC62527321F2F00DEF9B5 /* Release */,
			);
			defaultConfigurationIsVisible = 0;
			defaultConfigurationName = Release;
		};
		4BDDC62627321F2F00DEF9B5 /* Build configuration list for PBXNativeTarget "nutritionFitness" */ = {
			isa = XCConfigurationList;
			buildConfigurations = (
				4BDDC62727321F2F00DEF9B5 /* Debug */,
				4BDDC62827321F2F00DEF9B5 /* Release */,
			);
			defaultConfigurationIsVisible = 0;
			defaultConfigurationName = Release;
		};
		4BDDC62927321F2F00DEF9B5 /* Build configuration list for PBXNativeTarget "nutritionFitnessTests" */ = {
			isa = XCConfigurationList;
			buildConfigurations = (
				4BDDC62A27321F2F00DEF9B5 /* Debug */,
				4BDDC62B27321F2F00DEF9B5 /* Release */,
			);
			defaultConfigurationIsVisible = 0;
			defaultConfigurationName = Release;
		};
		4BDDC62C27321F2F00DEF9B5 /* Build configuration list for PBXNativeTarget "nutritionFitnessUITests" */ = {
			isa = XCConfigurationList;
			buildConfigurations = (
				4BDDC62D27321F2F00DEF9B5 /* Debug */,
				4BDDC62E27321F2F00DEF9B5 /* Release */,
			);
			defaultConfigurationIsVisible = 0;
			defaultConfigurationName = Release;
		};
/* End XCConfigurationList section */
	};
	rootObject = 4BDDC5F427321F2D00DEF9B5 /* Project object */;
}
